
Microsoft Visual Studio Solution File, Format Version 12.00
# Visual Studio Version 17
VisualStudioVersion = 17.3.32901.215
MinimumVisualStudioVersion = 10.0.40219.1
Project("{FAE04EC0-301F-11D3-BF4B-00C04F79EFBC}") = "SorsixTasks_1_and_2", "SorsixTasks_1_and_2\SorsixTasks_1_and_2.csproj", "{13F520DF-0767-42E5-A80D-EA3101AC71F1}"
EndProject
Global
	GlobalSection(SolutionConfigurationPlatforms) = preSolution
		Debug|Any CPU = Debug|Any CPU
		Release|Any CPU = Release|Any CPU
	EndGlobalSection
	GlobalSection(ProjectConfigurationPlatforms) = postSolution
		{13F520DF-0767-42E5-A80D-EA3101AC71F1}.Debug|Any CPU.ActiveCfg = Debug|Any CPU
		{13F520DF-0767-42E5-A80D-EA3101AC71F1}.Debug|Any CPU.Build.0 = Debug|Any CPU
		{13F520DF-0767-42E5-A80D-EA3101AC71F1}.Release|Any CPU.ActiveCfg = Release|Any CPU
		{13F520DF-0767-42E5-A80D-EA3101AC71F1}.Release|Any CPU.Build.0 = Release|Any CPU
	EndGlobalSection
	GlobalSection(SolutionProperties) = preSolution
		HideSolutionNode = FALSE
	EndGlobalSection
	GlobalSection(ExtensibilityGlobals) = postSolution
		SolutionGuid = {CE4A7862-286F-4175-87AF-7996D7E78B4A}
	EndGlobalSection
EndGlobal
